
Microsoft Visual Studio Solution File, Format Version 12.00
# Visual Studio Version 17
VisualStudioVersion = 17.9.34728.123
MinimumVisualStudioVersion = 10.0.40219.1
Project("{FAE04EC0-301F-11D3-BF4B-00C04F79EFBC}") = "lesson 4", "lesson 4\lesson 4.csproj", "{8B5A4982-E059-4D4A-8200-15841AC2400E}"
EndProject
Global
	GlobalSection(SolutionConfigurationPlatforms) = preSolution
		Debug|Any CPU = Debug|Any CPU
		Release|Any CPU = Release|Any CPU
	EndGlobalSection
	GlobalSection(ProjectConfigurationPlatforms) = postSolution
		{8B5A4982-E059-4D4A-8200-15841AC2400E}.Debug|Any CPU.ActiveCfg = Debug|Any CPU
		{8B5A4982-E059-4D4A-8200-15841AC2400E}.Debug|Any CPU.Build.0 = Debug|Any CPU
		{8B5A4982-E059-4D4A-8200-15841AC2400E}.Release|Any CPU.ActiveCfg = Release|Any CPU
		{8B5A4982-E059-4D4A-8200-15841AC2400E}.Release|Any CPU.Build.0 = Release|Any CPU
	EndGlobalSection
	GlobalSection(SolutionProperties) = preSolution
		HideSolutionNode = FALSE
	EndGlobalSection
	GlobalSection(ExtensibilityGlobals) = postSolution
		SolutionGuid = {6050C978-1F66-4B2E-AAE5-C4E0DB922F51}
	EndGlobalSection
EndGlobal
